
Microsoft Visual Studio Solution File, Format Version 10.00
# Visual Studio 2008
Project("{FAE04EC0-301F-11D3-BF4B-00C04F79EFBC}") = "MedPC_Import", "MedPC_Import\MedPC_Import.csproj", "{B4909549-BE21-40A2-9254-E40AFB5BA274}"
EndProject
Project("{54435603-DBB4-11D2-8724-00A0C9A8B90C}") = "MedPC_ImportSetup", "MedPC_ImportSetup\MedPC_ImportSetup", "{2C570717-27A1-4696-998E-5AA648EB0320}"
EndProject
Project("{FAE04EC0-301F-11D3-BF4B-00C04F79EFBC}") = "MedPC", "..\MedPC\MedPC\MedPC.csproj", "{75F10C84-D232-4322-A8A6-ECFBF7E005DA}"
EndProject
Global
	GlobalSection(SolutionConfigurationPlatforms) = preSolution
		Debug|Any CPU = Debug|Any CPU
		Release|Any CPU = Release|Any CPU
	EndGlobalSection
	GlobalSection(ProjectConfigurationPlatforms) = postSolution
		{B4909549-BE21-40A2-9254-E40AFB5BA274}.Debug|Any CPU.ActiveCfg = Debug|Any CPU
		{B4909549-BE21-40A2-9254-E40AFB5BA274}.Debug|Any CPU.Build.0 = Debug|Any CPU
		{B4909549-BE21-40A2-9254-E40AFB5BA274}.Release|Any CPU.ActiveCfg = Release|Any CPU
		{B4909549-BE21-40A2-9254-E40AFB5BA274}.Release|Any CPU.Build.0 = Release|Any CPU
		{2C570717-27A1-4696-998E-5AA648EB0320}.Debug|Any CPU.ActiveCfg = Debug
		{2C570717-27A1-4696-998E-5AA648EB0320}.Release|Any CPU.ActiveCfg = Release
		{75F10C84-D232-4322-A8A6-ECFBF7E005DA}.Debug|Any CPU.ActiveCfg = Debug|Any CPU
		{75F10C84-D232-4322-A8A6-ECFBF7E005DA}.Debug|Any CPU.Build.0 = Debug|Any CPU
		{75F10C84-D232-4322-A8A6-ECFBF7E005DA}.Release|Any CPU.ActiveCfg = Release|Any CPU
		{75F10C84-D232-4322-A8A6-ECFBF7E005DA}.Release|Any CPU.Build.0 = Release|Any CPU
	EndGlobalSection
	GlobalSection(SolutionProperties) = preSolution
		HideSolutionNode = FALSE
	EndGlobalSection
EndGlobal
